
Microsoft Visual Studio Solution File, Format Version 12.00
# Visual Studio 15
Project("{FAE04EC0-301F-11D3-BF4B-00C04F79EFBC}") = "Assembly-CSharp", "Assembly-CSharp.csproj", "{C27AB3F3-B7A8-5730-0CF9-4C0C772E3D0C}"
EndProject
Project("{FAE04EC0-301F-11D3-BF4B-00C04F79EFBC}") = "Assembly-CSharp-firstpass", "Assembly-CSharp-firstpass.csproj", "{8DB00CE3-10B3-A580-67FD-F1556531E968}"
EndProject
Project("{FAE04EC0-301F-11D3-BF4B-00C04F79EFBC}") = "Assembly-CSharp-Editor", "Assembly-CSharp-Editor.csproj", "{9214C2C1-A78E-2D21-58BE-7D34C12AC22B}"
EndProject
Global
	GlobalSection(SolutionConfigurationPlatforms) = preSolution
		Debug|Any CPU = Debug|Any CPU
		Release|Any CPU = Release|Any CPU
	EndGlobalSection
	GlobalSection(ProjectConfigurationPlatforms) = postSolution
		{C27AB3F3-B7A8-5730-0CF9-4C0C772E3D0C}.Debug|Any CPU.ActiveCfg = Debug|Any CPU
		{C27AB3F3-B7A8-5730-0CF9-4C0C772E3D0C}.Debug|Any CPU.Build.0 = Debug|Any CPU
		{C27AB3F3-B7A8-5730-0CF9-4C0C772E3D0C}.Release|Any CPU.ActiveCfg = Release|Any CPU
		{C27AB3F3-B7A8-5730-0CF9-4C0C772E3D0C}.Release|Any CPU.Build.0 = Release|Any CPU
		{8DB00CE3-10B3-A580-67FD-F1556531E968}.Debug|Any CPU.ActiveCfg = Debug|Any CPU
		{8DB00CE3-10B3-A580-67FD-F1556531E968}.Debug|Any CPU.Build.0 = Debug|Any CPU
		{8DB00CE3-10B3-A580-67FD-F1556531E968}.Release|Any CPU.ActiveCfg = Release|Any CPU
		{8DB00CE3-10B3-A580-67FD-F1556531E968}.Release|Any CPU.Build.0 = Release|Any CPU
		{9214C2C1-A78E-2D21-58BE-7D34C12AC22B}.Debug|Any CPU.ActiveCfg = Debug|Any CPU
		{9214C2C1-A78E-2D21-58BE-7D34C12AC22B}.Debug|Any CPU.Build.0 = Debug|Any CPU
		{9214C2C1-A78E-2D21-58BE-7D34C12AC22B}.Release|Any CPU.ActiveCfg = Release|Any CPU
		{9214C2C1-A78E-2D21-58BE-7D34C12AC22B}.Release|Any CPU.Build.0 = Release|Any CPU
	EndGlobalSection
	GlobalSection(SolutionProperties) = preSolution
		HideSolutionNode = FALSE
	EndGlobalSection
EndGlobal
