
Microsoft Visual Studio Solution File, Format Version 12.00
# Visual Studio 2015
Project("{FAE04EC0-301F-11D3-BF4B-00C04F79EFBC}") = "Shadow Returns.Plugins", "Shadow Returns.Plugins.csproj", "{635F3715-E8DD-2DC6-0ECA-2BD54279D072}"
EndProject
Project("{FAE04EC0-301F-11D3-BF4B-00C04F79EFBC}") = "Shadow Returns", "Shadow Returns.csproj", "{21842AE8-40BA-00D9-3CE4-FDBA7EEBE102}"
EndProject
Project("{FAE04EC0-301F-11D3-BF4B-00C04F79EFBC}") = "Shadow Returns.Editor", "Shadow Returns.Editor.csproj", "{1AA8A067-5E99-8013-A505-8C691CEC42E7}"
EndProject
Global
	GlobalSection(SolutionConfigurationPlatforms) = preSolution
		Debug|Any CPU = Debug|Any CPU
		Release|Any CPU = Release|Any CPU
	EndGlobalSection
	GlobalSection(ProjectConfigurationPlatforms) = postSolution
		{635F3715-E8DD-2DC6-0ECA-2BD54279D072}.Debug|Any CPU.ActiveCfg = Debug|Any CPU
		{635F3715-E8DD-2DC6-0ECA-2BD54279D072}.Debug|Any CPU.Build.0 = Debug|Any CPU
		{635F3715-E8DD-2DC6-0ECA-2BD54279D072}.Release|Any CPU.ActiveCfg = Release|Any CPU
		{635F3715-E8DD-2DC6-0ECA-2BD54279D072}.Release|Any CPU.Build.0 = Release|Any CPU
		{21842AE8-40BA-00D9-3CE4-FDBA7EEBE102}.Debug|Any CPU.ActiveCfg = Debug|Any CPU
		{21842AE8-40BA-00D9-3CE4-FDBA7EEBE102}.Debug|Any CPU.Build.0 = Debug|Any CPU
		{21842AE8-40BA-00D9-3CE4-FDBA7EEBE102}.Release|Any CPU.ActiveCfg = Release|Any CPU
		{21842AE8-40BA-00D9-3CE4-FDBA7EEBE102}.Release|Any CPU.Build.0 = Release|Any CPU
		{1AA8A067-5E99-8013-A505-8C691CEC42E7}.Debug|Any CPU.ActiveCfg = Debug|Any CPU
		{1AA8A067-5E99-8013-A505-8C691CEC42E7}.Debug|Any CPU.Build.0 = Debug|Any CPU
		{1AA8A067-5E99-8013-A505-8C691CEC42E7}.Release|Any CPU.ActiveCfg = Release|Any CPU
		{1AA8A067-5E99-8013-A505-8C691CEC42E7}.Release|Any CPU.Build.0 = Release|Any CPU
	EndGlobalSection
	GlobalSection(SolutionProperties) = preSolution
		HideSolutionNode = FALSE
	EndGlobalSection
EndGlobal
