
Microsoft Visual Studio Solution File, Format Version 12.00
# Visual Studio 15
Project("{FAE04EC0-301F-11D3-BF4B-00C04F79EFBC}") = "Shadow-Returns", "Assembly-CSharp.csproj", "{3AD8A5F6-A4B5-5F6A-7F26-3A54BD78C61F}"
EndProject
Project("{FAE04EC0-301F-11D3-BF4B-00C04F79EFBC}") = "Shadow-Returns", "Assembly-CSharp-firstpass.csproj", "{3687FCB5-5951-2281-2A7C-5786B051C201}"
EndProject
Project("{FAE04EC0-301F-11D3-BF4B-00C04F79EFBC}") = "Shadow-Returns", "Assembly-CSharp-Editor.csproj", "{F76AD5DF-F90C-17A9-254E-B9C9515EA27B}"
EndProject
Global
	GlobalSection(SolutionConfigurationPlatforms) = preSolution
		Debug|Any CPU = Debug|Any CPU
		Release|Any CPU = Release|Any CPU
	EndGlobalSection
	GlobalSection(ProjectConfigurationPlatforms) = postSolution
		{3AD8A5F6-A4B5-5F6A-7F26-3A54BD78C61F}.Debug|Any CPU.ActiveCfg = Debug|Any CPU
		{3AD8A5F6-A4B5-5F6A-7F26-3A54BD78C61F}.Debug|Any CPU.Build.0 = Debug|Any CPU
		{3AD8A5F6-A4B5-5F6A-7F26-3A54BD78C61F}.Release|Any CPU.ActiveCfg = Release|Any CPU
		{3AD8A5F6-A4B5-5F6A-7F26-3A54BD78C61F}.Release|Any CPU.Build.0 = Release|Any CPU
		{3687FCB5-5951-2281-2A7C-5786B051C201}.Debug|Any CPU.ActiveCfg = Debug|Any CPU
		{3687FCB5-5951-2281-2A7C-5786B051C201}.Debug|Any CPU.Build.0 = Debug|Any CPU
		{3687FCB5-5951-2281-2A7C-5786B051C201}.Release|Any CPU.ActiveCfg = Release|Any CPU
		{3687FCB5-5951-2281-2A7C-5786B051C201}.Release|Any CPU.Build.0 = Release|Any CPU
		{F76AD5DF-F90C-17A9-254E-B9C9515EA27B}.Debug|Any CPU.ActiveCfg = Debug|Any CPU
		{F76AD5DF-F90C-17A9-254E-B9C9515EA27B}.Debug|Any CPU.Build.0 = Debug|Any CPU
		{F76AD5DF-F90C-17A9-254E-B9C9515EA27B}.Release|Any CPU.ActiveCfg = Release|Any CPU
		{F76AD5DF-F90C-17A9-254E-B9C9515EA27B}.Release|Any CPU.Build.0 = Release|Any CPU
	EndGlobalSection
	GlobalSection(SolutionProperties) = preSolution
		HideSolutionNode = FALSE
	EndGlobalSection
EndGlobal
